// !$*UTF8*$!
{
	archiveVersion = 1;
	classes = {
	};
	objectVersion = 56;
	objects = {

/* Begin PBXBuildFile section */
		1A8CC7E92A7A943300E7F0E9 /* SettingsView.swift in Sources */ = {isa = PBXBuildFile; fileRef = 1A8CC7E82A7A943300E7F0E9 /* SettingsView.swift */; };
		1A8CC7EB2A7AA08100E7F0E9 /* SettingsModel.swift in Sources */ = {isa = PBXBuildFile; fileRef = 1A8CC7EA2A7AA08100E7F0E9 /* SettingsModel.swift */; };
		A41468CA295AB5750047B5EB /* AWU2UDDFApp.swift in Sources */ = {isa = PBXBuildFile; fileRef = A41468C9295AB5750047B5EB /* AWU2UDDFApp.swift */; };
		A41468CC295AB5750047B5EB /* ContentView.swift in Sources */ = {isa = PBXBuildFile; fileRef = A41468CB295AB5750047B5EB /* ContentView.swift */; };
		A41468CE295AB5760047B5EB /* Assets.xcassets in Resources */ = {isa = PBXBuildFile; fileRef = A41468CD295AB5760047B5EB /* Assets.xcassets */; };
		A41468D1295AB5760047B5EB /* Preview Assets.xcassets in Resources */ = {isa = PBXBuildFile; fileRef = A41468D0295AB5760047B5EB /* Preview Assets.xcassets */; };
		A41468DA295AB5CA0047B5EB /* HealthKitManager.swift in Sources */ = {isa = PBXBuildFile; fileRef = A41468D9295AB5CA0047B5EB /* HealthKitManager.swift */; };
		A41468DC295AB5FD0047B5EB /* DiveModel.swift in Sources */ = {isa = PBXBuildFile; fileRef = A41468DB295AB5FD0047B5EB /* DiveModel.swift */; };
		A41468DE295AB6280047B5EB /* UDDFModel.swift in Sources */ = {isa = PBXBuildFile; fileRef = A41468DD295AB6280047B5EB /* UDDFModel.swift */; };
		A41468E2295AB6890047B5EB /* DiveRowView.swift in Sources */ = {isa = PBXBuildFile; fileRef = A41468E1295AB6890047B5EB /* DiveRowView.swift */; };
		A41468E4295AB6AF0047B5EB /* DiveExportView.swift in Sources */ = {isa = PBXBuildFile; fileRef = A41468E3295AB6AF0047B5EB /* DiveExportView.swift */; };
		A41468E7295ABA070047B5EB /* HealthKitViewModel.swift in Sources */ = {isa = PBXBuildFile; fileRef = A41468E6295ABA070047B5EB /* HealthKitViewModel.swift */; };
		A435F66E295E35CA00FE88C6 /* TempModel.swift in Sources */ = {isa = PBXBuildFile; fileRef = A435F66D295E35CA00FE88C6 /* TempModel.swift */; };
/* End PBXBuildFile section */

/* Begin PBXFileReference section */
		1A8CC7E82A7A943300E7F0E9 /* SettingsView.swift */ = {isa = PBXFileReference; lastKnownFileType = sourcecode.swift; path = SettingsView.swift; sourceTree = "<group>"; };
		1A8CC7EA2A7AA08100E7F0E9 /* SettingsModel.swift */ = {isa = PBXFileReference; lastKnownFileType = sourcecode.swift; path = SettingsModel.swift; sourceTree = "<group>"; };
		A41468C6295AB5750047B5EB /* AWU2UDDF.app */ = {isa = PBXFileReference; explicitFileType = wrapper.application; includeInIndex = 0; path = AWU2UDDF.app; sourceTree = BUILT_PRODUCTS_DIR; };
		A41468C9295AB5750047B5EB /* AWU2UDDFApp.swift */ = {isa = PBXFileReference; lastKnownFileType = sourcecode.swift; path = AWU2UDDFApp.swift; sourceTree = "<group>"; };
		A41468CB295AB5750047B5EB /* ContentView.swift */ = {isa = PBXFileReference; lastKnownFileType = sourcecode.swift; path = ContentView.swift; sourceTree = "<group>"; };
		A41468CD295AB5760047B5EB /* Assets.xcassets */ = {isa = PBXFileReference; lastKnownFileType = folder.assetcatalog; path = Assets.xcassets; sourceTree = "<group>"; };
		A41468D0295AB5760047B5EB /* Preview Assets.xcassets */ = {isa = PBXFileReference; lastKnownFileType = folder.assetcatalog; path = "Preview Assets.xcassets"; sourceTree = "<group>"; };
		A41468D9295AB5CA0047B5EB /* HealthKitManager.swift */ = {isa = PBXFileReference; lastKnownFileType = sourcecode.swift; path = HealthKitManager.swift; sourceTree = "<group>"; };
		A41468DB295AB5FD0047B5EB /* DiveModel.swift */ = {isa = PBXFileReference; lastKnownFileType = sourcecode.swift; path = DiveModel.swift; sourceTree = "<group>"; };
		A41468DD295AB6280047B5EB /* UDDFModel.swift */ = {isa = PBXFileReference; lastKnownFileType = sourcecode.swift; path = UDDFModel.swift; sourceTree = "<group>"; };
		A41468E1295AB6890047B5EB /* DiveRowView.swift */ = {isa = PBXFileReference; lastKnownFileType = sourcecode.swift; path = DiveRowView.swift; sourceTree = "<group>"; };
		A41468E3295AB6AF0047B5EB /* DiveExportView.swift */ = {isa = PBXFileReference; lastKnownFileType = sourcecode.swift; path = DiveExportView.swift; sourceTree = "<group>"; };
		A41468E5295AB7C10047B5EB /* AWU2UDDF.entitlements */ = {isa = PBXFileReference; lastKnownFileType = text.plist.entitlements; path = AWU2UDDF.entitlements; sourceTree = "<group>"; };
		A41468E6295ABA070047B5EB /* HealthKitViewModel.swift */ = {isa = PBXFileReference; lastKnownFileType = sourcecode.swift; path = HealthKitViewModel.swift; sourceTree = "<group>"; };
		A435F66D295E35CA00FE88C6 /* TempModel.swift */ = {isa = PBXFileReference; lastKnownFileType = sourcecode.swift; path = TempModel.swift; sourceTree = "<group>"; };
/* End PBXFileReference section */

/* Begin PBXFrameworksBuildPhase section */
		A41468C3295AB5750047B5EB /* Frameworks */ = {
			isa = PBXFrameworksBuildPhase;
			buildActionMask = 2147483647;
			files = (
			);
			runOnlyForDeploymentPostprocessing = 0;
		};
/* End PBXFrameworksBuildPhase section */

/* Begin PBXGroup section */
		A41468BD295AB5750047B5EB = {
			isa = PBXGroup;
			children = (
				A41468C8295AB5750047B5EB /* AWU2UDDF */,
				A41468C7295AB5750047B5EB /* Products */,
			);
			sourceTree = "<group>";
		};
		A41468C7295AB5750047B5EB /* Products */ = {
			isa = PBXGroup;
			children = (
				A41468C6295AB5750047B5EB /* AWU2UDDF.app */,
			);
			name = Products;
			sourceTree = "<group>";
		};
		A41468C8295AB5750047B5EB /* AWU2UDDF */ = {
			isa = PBXGroup;
			children = (
				A41468E5295AB7C10047B5EB /* AWU2UDDF.entitlements */,
				A41468C9295AB5750047B5EB /* AWU2UDDFApp.swift */,
				A41468D7295AB5870047B5EB /* Views */,
				A41468D8295AB59D0047B5EB /* Models */,
				A41468CD295AB5760047B5EB /* Assets.xcassets */,
				A41468CF295AB5760047B5EB /* Preview Content */,
			);
			path = AWU2UDDF;
			sourceTree = "<group>";
		};
		A41468CF295AB5760047B5EB /* Preview Content */ = {
			isa = PBXGroup;
			children = (
				A41468D0295AB5760047B5EB /* Preview Assets.xcassets */,
			);
			path = "Preview Content";
			sourceTree = "<group>";
		};
		A41468D7295AB5870047B5EB /* Views */ = {
			isa = PBXGroup;
			children = (
				A41468CB295AB5750047B5EB /* ContentView.swift */,
				1A8CC7E82A7A943300E7F0E9 /* SettingsView.swift */,
				A41468E1295AB6890047B5EB /* DiveRowView.swift */,
				A41468E3295AB6AF0047B5EB /* DiveExportView.swift */,
			);
			path = Views;
			sourceTree = "<group>";
		};
		A41468D8295AB59D0047B5EB /* Models */ = {
			isa = PBXGroup;
			children = (
				A41468E6295ABA070047B5EB /* HealthKitViewModel.swift */,
				A41468D9295AB5CA0047B5EB /* HealthKitManager.swift */,
				A41468DB295AB5FD0047B5EB /* DiveModel.swift */,
				A435F66D295E35CA00FE88C6 /* TempModel.swift */,
				A41468DD295AB6280047B5EB /* UDDFModel.swift */,
				1A8CC7EA2A7AA08100E7F0E9 /* SettingsModel.swift */,
			);
			path = Models;
			sourceTree = "<group>";
		};
/* End PBXGroup section */

/* Begin PBXNativeTarget section */
		A41468C5295AB5750047B5EB /* AWU2UDDF */ = {
			isa = PBXNativeTarget;
			buildConfigurationList = A41468D4295AB5760047B5EB /* Build configuration list for PBXNativeTarget "AWU2UDDF" */;
			buildPhases = (
				A41468C2295AB5750047B5EB /* Sources */,
				A41468C3295AB5750047B5EB /* Frameworks */,
				A41468C4295AB5750047B5EB /* Resources */,
			);
			buildRules = (
			);
			dependencies = (
			);
			name = AWU2UDDF;
			productName = AWU2UDDF;
			productReference = A41468C6295AB5750047B5EB /* AWU2UDDF.app */;
			productType = "com.apple.product-type.application";
		};
/* End PBXNativeTarget section */

/* Begin PBXProject section */
		A41468BE295AB5750047B5EB /* Project object */ = {
			isa = PBXProject;
			attributes = {
				BuildIndependentTargetsInParallel = 1;
				LastSwiftUpdateCheck = 1400;
				LastUpgradeCheck = 1400;
				TargetAttributes = {
					A41468C5295AB5750047B5EB = {
						CreatedOnToolsVersion = 14.0.1;
					};
				};
			};
			buildConfigurationList = A41468C1295AB5750047B5EB /* Build configuration list for PBXProject "AWU2UDDF" */;
			compatibilityVersion = "Xcode 14.0";
			developmentRegion = en;
			hasScannedForEncodings = 0;
			knownRegions = (
				en,
				Base,
			);
			mainGroup = A41468BD295AB5750047B5EB;
			productRefGroup = A41468C7295AB5750047B5EB /* Products */;
			projectDirPath = "";
			projectRoot = "";
			targets = (
				A41468C5295AB5750047B5EB /* AWU2UDDF */,
			);
		};
/* End PBXProject section */

/* Begin PBXResourcesBuildPhase section */
		A41468C4295AB5750047B5EB /* Resources */ = {
			isa = PBXResourcesBuildPhase;
			buildActionMask = 2147483647;
			files = (
				A41468D1295AB5760047B5EB /* Preview Assets.xcassets in Resources */,
				A41468CE295AB5760047B5EB /* Assets.xcassets in Resources */,
			);
			runOnlyForDeploymentPostprocessing = 0;
		};
/* End PBXResourcesBuildPhase section */

/* Begin PBXSourcesBuildPhase section */
		A41468C2295AB5750047B5EB /* Sources */ = {
			isa = PBXSourcesBuildPhase;
			buildActionMask = 2147483647;
			files = (
				A41468DE295AB6280047B5EB /* UDDFModel.swift in Sources */,
				A41468E2295AB6890047B5EB /* DiveRowView.swift in Sources */,
				1A8CC7EB2A7AA08100E7F0E9 /* SettingsModel.swift in Sources */,
				A41468CC295AB5750047B5EB /* ContentView.swift in Sources */,
				A435F66E295E35CA00FE88C6 /* TempModel.swift in Sources */,
				A41468CA295AB5750047B5EB /* AWU2UDDFApp.swift in Sources */,
				1A8CC7E92A7A943300E7F0E9 /* SettingsView.swift in Sources */,
				A41468E4295AB6AF0047B5EB /* DiveExportView.swift in Sources */,
				A41468E7295ABA070047B5EB /* HealthKitViewModel.swift in Sources */,
				A41468DA295AB5CA0047B5EB /* HealthKitManager.swift in Sources */,
				A41468DC295AB5FD0047B5EB /* DiveModel.swift in Sources */,
			);
			runOnlyForDeploymentPostprocessing = 0;
		};
/* End PBXSourcesBuildPhase section */

/* Begin XCBuildConfiguration section */
		A41468D2295AB5760047B5EB /* Debug */ = {
			isa = XCBuildConfiguration;
			buildSettings = {
				ALWAYS_SEARCH_USER_PATHS = NO;
				CLANG_ANALYZER_NONNULL = YES;
				CLANG_ANALYZER_NUMBER_OBJECT_CONVERSION = YES_AGGRESSIVE;
				CLANG_CXX_LANGUAGE_STANDARD = "gnu++20";
				CLANG_ENABLE_MODULES = YES;
				CLANG_ENABLE_OBJC_ARC = YES;
				CLANG_ENABLE_OBJC_WEAK = YES;
				CLANG_WARN_BLOCK_CAPTURE_AUTORELEASING = YES;
				CLANG_WARN_BOOL_CONVERSION = YES;
				CLANG_WARN_COMMA = YES;
				CLANG_WARN_CONSTANT_CONVERSION = YES;
				CLANG_WARN_DEPRECATED_OBJC_IMPLEMENTATIONS = YES;
				CLANG_WARN_DIRECT_OBJC_ISA_USAGE = YES_ERROR;
				CLANG_WARN_DOCUMENTATION_COMMENTS = YES;
				CLANG_WARN_EMPTY_BODY = YES;
				CLANG_WARN_ENUM_CONVERSION = YES;
				CLANG_WARN_INFINITE_RECURSION = YES;
				CLANG_WARN_INT_CONVERSION = YES;
				CLANG_WARN_NON_LITERAL_NULL_CONVERSION = YES;
				CLANG_WARN_OBJC_IMPLICIT_RETAIN_SELF = YES;
				CLANG_WARN_OBJC_LITERAL_CONVERSION = YES;
				CLANG_WARN_OBJC_ROOT_CLASS = YES_ERROR;
				CLANG_WARN_QUOTED_INCLUDE_IN_FRAMEWORK_HEADER = YES;
				CLANG_WARN_RANGE_LOOP_ANALYSIS = YES;
				CLANG_WARN_STRICT_PROTOTYPES = YES;
				CLANG_WARN_SUSPICIOUS_MOVE = YES;
				CLANG_WARN_UNGUARDED_AVAILABILITY = YES_AGGRESSIVE;
				CLANG_WARN_UNREACHABLE_CODE = YES;
				CLANG_WARN__DUPLICATE_METHOD_MATCH = YES;
				COPY_PHASE_STRIP = NO;
				DEBUG_INFORMATION_FORMAT = dwarf;
				ENABLE_STRICT_OBJC_MSGSEND = YES;
				ENABLE_TESTABILITY = YES;
				GCC_C_LANGUAGE_STANDARD = gnu11;
				GCC_DYNAMIC_NO_PIC = NO;
				GCC_NO_COMMON_BLOCKS = YES;
				GCC_OPTIMIZATION_LEVEL = 0;
				GCC_PREPROCESSOR_DEFINITIONS = (
					"DEBUG=1",
					"$(inherited)",
				);
				GCC_WARN_64_TO_32_BIT_CONVERSION = YES;
				GCC_WARN_ABOUT_RETURN_TYPE = YES_ERROR;
				GCC_WARN_UNDECLARED_SELECTOR = YES;
				GCC_WARN_UNINITIALIZED_AUTOS = YES_AGGRESSIVE;
				GCC_WARN_UNUSED_FUNCTION = YES;
				GCC_WARN_UNUSED_VARIABLE = YES;
				IPHONEOS_DEPLOYMENT_TARGET = 16.0;
				MTL_ENABLE_DEBUG_INFO = INCLUDE_SOURCE;
				MTL_FAST_MATH = YES;
				ONLY_ACTIVE_ARCH = YES;
				SDKROOT = iphoneos;
				SWIFT_ACTIVE_COMPILATION_CONDITIONS = DEBUG;
				SWIFT_OPTIMIZATION_LEVEL = "-Onone";
			};
			name = Debug;
		};
		A41468D3295AB5760047B5EB /* Release */ = {
			isa = XCBuildConfiguration;
			buildSettings = {
				ALWAYS_SEARCH_USER_PATHS = NO;
				CLANG_ANALYZER_NONNULL = YES;
				CLANG_ANALYZER_NUMBER_OBJECT_CONVERSION = YES_AGGRESSIVE;
				CLANG_CXX_LANGUAGE_STANDARD = "gnu++20";
				CLANG_ENABLE_MODULES = YES;
				CLANG_ENABLE_OBJC_ARC = YES;
				CLANG_ENABLE_OBJC_WEAK = YES;
				CLANG_WARN_BLOCK_CAPTURE_AUTORELEASING = YES;
				CLANG_WARN_BOOL_CONVERSION = YES;
				CLANG_WARN_COMMA = YES;
				CLANG_WARN_CONSTANT_CONVERSION = YES;
				CLANG_WARN_DEPRECATED_OBJC_IMPLEMENTATIONS = YES;
				CLANG_WARN_DIRECT_OBJC_ISA_USAGE = YES_ERROR;
				CLANG_WARN_DOCUMENTATION_COMMENTS = YES;
				CLANG_WARN_EMPTY_BODY = YES;
				CLANG_WARN_ENUM_CONVERSION = YES;
				CLANG_WARN_INFINITE_RECURSION = YES;
				CLANG_WARN_INT_CONVERSION = YES;
				CLANG_WARN_NON_LITERAL_NULL_CONVERSION = YES;
				CLANG_WARN_OBJC_IMPLICIT_RETAIN_SELF = YES;
				CLANG_WARN_OBJC_LITERAL_CONVERSION = YES;
				CLANG_WARN_OBJC_ROOT_CLASS = YES_ERROR;
				CLANG_WARN_QUOTED_INCLUDE_IN_FRAMEWORK_HEADER = YES;
				CLANG_WARN_RANGE_LOOP_ANALYSIS = YES;
				CLANG_WARN_STRICT_PROTOTYPES = YES;
				CLANG_WARN_SUSPICIOUS_MOVE = YES;
				CLANG_WARN_UNGUARDED_AVAILABILITY = YES_AGGRESSIVE;
				CLANG_WARN_UNREACHABLE_CODE = YES;
				CLANG_WARN__DUPLICATE_METHOD_MATCH = YES;
				COPY_PHASE_STRIP = NO;
				DEBUG_INFORMATION_FORMAT = "dwarf-with-dsym";
				ENABLE_NS_ASSERTIONS = NO;
				ENABLE_STRICT_OBJC_MSGSEND = YES;
				GCC_C_LANGUAGE_STANDARD = gnu11;
				GCC_NO_COMMON_BLOCKS = YES;
				GCC_WARN_64_TO_32_BIT_CONVERSION = YES;
				GCC_WARN_ABOUT_RETURN_TYPE = YES_ERROR;
				GCC_WARN_UNDECLARED_SELECTOR = YES;
				GCC_WARN_UNINITIALIZED_AUTOS = YES_AGGRESSIVE;
				GCC_WARN_UNUSED_FUNCTION = YES;
				GCC_WARN_UNUSED_VARIABLE = YES;
				IPHONEOS_DEPLOYMENT_TARGET = 16.0;
				MTL_ENABLE_DEBUG_INFO = NO;
				MTL_FAST_MATH = YES;
				SDKROOT = iphoneos;
				SWIFT_COMPILATION_MODE = wholemodule;
				SWIFT_OPTIMIZATION_LEVEL = "-O";
				VALIDATE_PRODUCT = YES;
			};
			name = Release;
		};
		A41468D5295AB5760047B5EB /* Debug */ = {
			isa = XCBuildConfiguration;
			buildSettings = {
				ASSETCATALOG_COMPILER_APPICON_NAME = AppIcon;
				ASSETCATALOG_COMPILER_GLOBAL_ACCENT_COLOR_NAME = AccentColor;
				CODE_SIGN_ENTITLEMENTS = AWU2UDDF/AWU2UDDF.entitlements;
				CODE_SIGN_STYLE = Automatic;
				CURRENT_PROJECT_VERSION = 3;
				DEVELOPMENT_ASSET_PATHS = "\"AWU2UDDF/Preview Content\"";
				DEVELOPMENT_TEAM = KART4NGMRQ;
				ENABLE_PREVIEWS = YES;
				GENERATE_INFOPLIST_FILE = YES;
				INFOPLIST_KEY_CFBundleDisplayName = AWU2UDDF;
				INFOPLIST_KEY_LSApplicationCategoryType = "public.app-category.sports";
				INFOPLIST_KEY_NSHealthClinicalHealthRecordsShareUsageDescription = "HealthKit depth data is used to build a dive profile to export";
				INFOPLIST_KEY_NSHealthShareUsageDescription = "HealthKit depth data is used to build a dive profile to export";
				INFOPLIST_KEY_NSHealthUpdateUsageDescription = "HealthKit depth data is used to build a dive profile to export";
				INFOPLIST_KEY_UIApplicationSceneManifest_Generation = YES;
				INFOPLIST_KEY_UIApplicationSupportsIndirectInputEvents = YES;
				INFOPLIST_KEY_UILaunchScreen_Generation = YES;
				INFOPLIST_KEY_UIStatusBarStyle = "";
				INFOPLIST_KEY_UISupportedInterfaceOrientations = UIInterfaceOrientationPortrait;
				INFOPLIST_KEY_UISupportedInterfaceOrientations_iPad = "UIInterfaceOrientationLandscapeLeft UIInterfaceOrientationLandscapeRight UIInterfaceOrientationPortrait UIInterfaceOrientationPortraitUpsideDown";
				LD_RUNPATH_SEARCH_PATHS = (
					"$(inherited)",
					"@executable_path/Frameworks",
				);
				MARKETING_VERSION = 1.2;
				PRODUCT_BUNDLE_IDENTIFIER = com.foghead.AWU2UDDF;
				PRODUCT_NAME = "$(TARGET_NAME)";
				SUPPORTED_PLATFORMS = "iphoneos iphonesimulator";
				SUPPORTS_MACCATALYST = NO;
				SUPPORTS_MAC_DESIGNED_FOR_IPHONE_IPAD = NO;
				SWIFT_EMIT_LOC_STRINGS = YES;
				SWIFT_VERSION = 5.0;
				TARGETED_DEVICE_FAMILY = 1;
			};
			name = Debug;
		};
		A41468D6295AB5760047B5EB /* Release */ = {
			isa = XCBuildConfiguration;
			buildSettings = {
				ASSETCATALOG_COMPILER_APPICON_NAME = AppIcon;
				ASSETCATALOG_COMPILER_GLOBAL_ACCENT_COLOR_NAME = AccentColor;
				CODE_SIGN_ENTITLEMENTS = AWU2UDDF/AWU2UDDF.entitlements;
				CODE_SIGN_STYLE = Automatic;
				CURRENT_PROJECT_VERSION = 3;
				DEVELOPMENT_ASSET_PATHS = "\"AWU2UDDF/Preview Content\"";
				DEVELOPMENT_TEAM = KART4NGMRQ;
				ENABLE_PREVIEWS = YES;
				GENERATE_INFOPLIST_FILE = YES;
				INFOPLIST_KEY_CFBundleDisplayName = AWU2UDDF;
				INFOPLIST_KEY_LSApplicationCategoryType = "public.app-category.sports";
				INFOPLIST_KEY_NSHealthClinicalHealthRecordsShareUsageDescription = "HealthKit depth data is used to build a dive profile to export";
				INFOPLIST_KEY_NSHealthShareUsageDescription = "HealthKit depth data is used to build a dive profile to export";
				INFOPLIST_KEY_NSHealthUpdateUsageDescription = "HealthKit depth data is used to build a dive profile to export";
				INFOPLIST_KEY_UIApplicationSceneManifest_Generation = YES;
				INFOPLIST_KEY_UIApplicationSupportsIndirectInputEvents = YES;
				INFOPLIST_KEY_UILaunchScreen_Generation = YES;
				INFOPLIST_KEY_UIStatusBarStyle = "";
				INFOPLIST_KEY_UISupportedInterfaceOrientations = UIInterfaceOrientationPortrait;
				INFOPLIST_KEY_UISupportedInterfaceOrientations_iPad = "UIInterfaceOrientationLandscapeLeft UIInterfaceOrientationLandscapeRight UIInterfaceOrientationPortrait UIInterfaceOrientationPortraitUpsideDown";
				LD_RUNPATH_SEARCH_PATHS = (
					"$(inherited)",
					"@executable_path/Frameworks",
				);
				MARKETING_VERSION = 1.2;
				PRODUCT_BUNDLE_IDENTIFIER = com.foghead.AWU2UDDF;
				PRODUCT_NAME = "$(TARGET_NAME)";
				SUPPORTED_PLATFORMS = "iphoneos iphonesimulator";
				SUPPORTS_MACCATALYST = NO;
				SUPPORTS_MAC_DESIGNED_FOR_IPHONE_IPAD = NO;
				SWIFT_EMIT_LOC_STRINGS = YES;
				SWIFT_VERSION = 5.0;
				TARGETED_DEVICE_FAMILY = 1;
			};
			name = Release;
		};
/* End XCBuildConfiguration section */

/* Begin XCConfigurationList section */
		A41468C1295AB5750047B5EB /* Build configuration list for PBXProject "AWU2UDDF" */ = {
			isa = XCConfigurationList;
			buildConfigurations = (
				A41468D2295AB5760047B5EB /* Debug */,
				A41468D3295AB5760047B5EB /* Release */,
			);
			defaultConfigurationIsVisible = 0;
			defaultConfigurationName = Release;
		};
		A41468D4295AB5760047B5EB /* Build configuration list for PBXNativeTarget "AWU2UDDF" */ = {
			isa = XCConfigurationList;
			buildConfigurations = (
				A41468D5295AB5760047B5EB /* Debug */,
				A41468D6295AB5760047B5EB /* Release */,
			);
			defaultConfigurationIsVisible = 0;
			defaultConfigurationName = Release;
		};
/* End XCConfigurationList section */
	};
	rootObject = A41468BE295AB5750047B5EB /* Project object */;
}
